// !$*UTF8*$!
{
	archiveVersion = 1;
	classes = {
	};
	objectVersion = 46;
	objects = {

/* Begin PBXBuildFile section */
		CCEC1E921E33BD2D00AA1D74 /* AppDelegate.swift in Sources */ = {isa = PBXBuildFile; fileRef = CCEC1E911E33BD2D00AA1D74 /* AppDelegate.swift */; };
		CCEC1E941E33BD2D00AA1D74 /* ViewController.swift in Sources */ = {isa = PBXBuildFile; fileRef = CCEC1E931E33BD2D00AA1D74 /* ViewController.swift */; };
		CCEC1E971E33BD2D00AA1D74 /* Main.storyboard in Resources */ = {isa = PBXBuildFile; fileRef = CCEC1E951E33BD2D00AA1D74 /* Main.storyboard */; };
		CCEC1E9A1E33BD2D00AA1D74 /* Guess_the_Number.xcdatamodeld in Sources */ = {isa = PBXBuildFile; fileRef = CCEC1E981E33BD2D00AA1D74 /* Guess_the_Number.xcdatamodeld */; };
		CCEC1E9C1E33BD2D00AA1D74 /* Assets.xcassets in Resources */ = {isa = PBXBuildFile; fileRef = CCEC1E9B1E33BD2D00AA1D74 /* Assets.xcassets */; };
		CCEC1E9F1E33BD2D00AA1D74 /* LaunchScreen.storyboard in Resources */ = {isa = PBXBuildFile; fileRef = CCEC1E9D1E33BD2D00AA1D74 /* LaunchScreen.storyboard */; };
		CCEC1EAA1E33BD2E00AA1D74 /* Guess_the_NumberTests.swift in Sources */ = {isa = PBXBuildFile; fileRef = CCEC1EA91E33BD2E00AA1D74 /* Guess_the_NumberTests.swift */; };
		CCEC1EB51E33BD2E00AA1D74 /* Guess_the_NumberUITests.swift in Sources */ = {isa = PBXBuildFile; fileRef = CCEC1EB41E33BD2E00AA1D74 /* Guess_the_NumberUITests.swift */; };
/* End PBXBuildFile section */

/* Begin PBXContainerItemProxy section */
		CCEC1EA61E33BD2E00AA1D74 /* PBXContainerItemProxy */ = {
			isa = PBXContainerItemProxy;
			containerPortal = CCEC1E861E33BD2C00AA1D74 /* Project object */;
			proxyType = 1;
			remoteGlobalIDString = CCEC1E8D1E33BD2C00AA1D74;
			remoteInfo = "Guess the Number";
		};
		CCEC1EB11E33BD2E00AA1D74 /* PBXContainerItemProxy */ = {
			isa = PBXContainerItemProxy;
			containerPortal = CCEC1E861E33BD2C00AA1D74 /* Project object */;
			proxyType = 1;
			remoteGlobalIDString = CCEC1E8D1E33BD2C00AA1D74;
			remoteInfo = "Guess the Number";
		};
/* End PBXContainerItemProxy section */

/* Begin PBXFileReference section */
		CCEC1E8E1E33BD2D00AA1D74 /* Guess the Number.app */ = {isa = PBXFileReference; explicitFileType = wrapper.application; includeInIndex = 0; path = "Guess the Number.app"; sourceTree = BUILT_PRODUCTS_DIR; };
		CCEC1E911E33BD2D00AA1D74 /* AppDelegate.swift */ = {isa = PBXFileReference; lastKnownFileType = sourcecode.swift; path = AppDelegate.swift; sourceTree = "<group>"; };
		CCEC1E931E33BD2D00AA1D74 /* ViewController.swift */ = {isa = PBXFileReference; lastKnownFileType = sourcecode.swift; path = ViewController.swift; sourceTree = "<group>"; };
		CCEC1E961E33BD2D00AA1D74 /* Base */ = {isa = PBXFileReference; lastKnownFileType = file.storyboard; name = Base; path = Base.lproj/Main.storyboard; sourceTree = "<group>"; };
		CCEC1E991E33BD2D00AA1D74 /* Guess_the_Number.xcdatamodel */ = {isa = PBXFileReference; lastKnownFileType = wrapper.xcdatamodel; path = Guess_the_Number.xcdatamodel; sourceTree = "<group>"; };
		CCEC1E9B1E33BD2D00AA1D74 /* Assets.xcassets */ = {isa = PBXFileReference; lastKnownFileType = folder.assetcatalog; path = Assets.xcassets; sourceTree = "<group>"; };
		CCEC1E9E1E33BD2D00AA1D74 /* Base */ = {isa = PBXFileReference; lastKnownFileType = file.storyboard; name = Base; path = Base.lproj/LaunchScreen.storyboard; sourceTree = "<group>"; };
		CCEC1EA01E33BD2D00AA1D74 /* Info.plist */ = {isa = PBXFileReference; lastKnownFileType = text.plist.xml; path = Info.plist; sourceTree = "<group>"; };
		CCEC1EA51E33BD2E00AA1D74 /* Guess the NumberTests.xctest */ = {isa = PBXFileReference; explicitFileType = wrapper.cfbundle; includeInIndex = 0; path = "Guess the NumberTests.xctest"; sourceTree = BUILT_PRODUCTS_DIR; };
		CCEC1EA91E33BD2E00AA1D74 /* Guess_the_NumberTests.swift */ = {isa = PBXFileReference; lastKnownFileType = sourcecode.swift; path = Guess_the_NumberTests.swift; sourceTree = "<group>"; };
		CCEC1EAB1E33BD2E00AA1D74 /* Info.plist */ = {isa = PBXFileReference; lastKnownFileType = text.plist.xml; path = Info.plist; sourceTree = "<group>"; };
		CCEC1EB01E33BD2E00AA1D74 /* Guess the NumberUITests.xctest */ = {isa = PBXFileReference; explicitFileType = wrapper.cfbundle; includeInIndex = 0; path = "Guess the NumberUITests.xctest"; sourceTree = BUILT_PRODUCTS_DIR; };
		CCEC1EB41E33BD2E00AA1D74 /* Guess_the_NumberUITests.swift */ = {isa = PBXFileReference; lastKnownFileType = sourcecode.swift; path = Guess_the_NumberUITests.swift; sourceTree = "<group>"; };
		CCEC1EB61E33BD2E00AA1D74 /* Info.plist */ = {isa = PBXFileReference; lastKnownFileType = text.plist.xml; path = Info.plist; sourceTree = "<group>"; };
/* End PBXFileReference section */

/* Begin PBXFrameworksBuildPhase section */
		CCEC1E8B1E33BD2C00AA1D74 /* Frameworks */ = {
			isa = PBXFrameworksBuildPhase;
			buildActionMask = 2147483647;
			files = (
			);
			runOnlyForDeploymentPostprocessing = 0;
		};
		CCEC1EA21E33BD2E00AA1D74 /* Frameworks */ = {
			isa = PBXFrameworksBuildPhase;
			buildActionMask = 2147483647;
			files = (
			);
			runOnlyForDeploymentPostprocessing = 0;
		};
		CCEC1EAD1E33BD2E00AA1D74 /* Frameworks */ = {
			isa = PBXFrameworksBuildPhase;
			buildActionMask = 2147483647;
			files = (
			);
			runOnlyForDeploymentPostprocessing = 0;
		};
/* End PBXFrameworksBuildPhase section */

/* Begin PBXGroup section */
		CCEC1E851E33BD2C00AA1D74 = {
			isa = PBXGroup;
			children = (
				CCEC1E901E33BD2D00AA1D74 /* Guess the Number */,
				CCEC1EA81E33BD2E00AA1D74 /* Guess the NumberTests */,
				CCEC1EB31E33BD2E00AA1D74 /* Guess the NumberUITests */,
				CCEC1E8F1E33BD2D00AA1D74 /* Products */,
			);
			sourceTree = "<group>";
		};
		CCEC1E8F1E33BD2D00AA1D74 /* Products */ = {
			isa = PBXGroup;
			children = (
				CCEC1E8E1E33BD2D00AA1D74 /* Guess the Number.app */,
				CCEC1EA51E33BD2E00AA1D74 /* Guess the NumberTests.xctest */,
				CCEC1EB01E33BD2E00AA1D74 /* Guess the NumberUITests.xctest */,
			);
			name = Products;
			sourceTree = "<group>";
		};
		CCEC1E901E33BD2D00AA1D74 /* Guess the Number */ = {
			isa = PBXGroup;
			children = (
				CCEC1E911E33BD2D00AA1D74 /* AppDelegate.swift */,
				CCEC1E931E33BD2D00AA1D74 /* ViewController.swift */,
				CCEC1E951E33BD2D00AA1D74 /* Main.storyboard */,
				CCEC1E9B1E33BD2D00AA1D74 /* Assets.xcassets */,
				CCEC1E9D1E33BD2D00AA1D74 /* LaunchScreen.storyboard */,
				CCEC1EA01E33BD2D00AA1D74 /* Info.plist */,
				CCEC1E981E33BD2D00AA1D74 /* Guess_the_Number.xcdatamodeld */,
			);
			path = "Guess the Number";
			sourceTree = "<group>";
		};
		CCEC1EA81E33BD2E00AA1D74 /* Guess the NumberTests */ = {
			isa = PBXGroup;
			children = (
				CCEC1EA91E33BD2E00AA1D74 /* Guess_the_NumberTests.swift */,
				CCEC1EAB1E33BD2E00AA1D74 /* Info.plist */,
			);
			path = "Guess the NumberTests";
			sourceTree = "<group>";
		};
		CCEC1EB31E33BD2E00AA1D74 /* Guess the NumberUITests */ = {
			isa = PBXGroup;
			children = (
				CCEC1EB41E33BD2E00AA1D74 /* Guess_the_NumberUITests.swift */,
				CCEC1EB61E33BD2E00AA1D74 /* Info.plist */,
			);
			path = "Guess the NumberUITests";
			sourceTree = "<group>";
		};
/* End PBXGroup section */

/* Begin PBXNativeTarget section */
		CCEC1E8D1E33BD2C00AA1D74 /* Guess the Number */ = {
			isa = PBXNativeTarget;
			buildConfigurationList = CCEC1EB91E33BD2E00AA1D74 /* Build configuration list for PBXNativeTarget "Guess the Number" */;
			buildPhases = (
				CCEC1E8A1E33BD2C00AA1D74 /* Sources */,
				CCEC1E8B1E33BD2C00AA1D74 /* Frameworks */,
				CCEC1E8C1E33BD2C00AA1D74 /* Resources */,
			);
			buildRules = (
			);
			dependencies = (
			);
			name = "Guess the Number";
			productName = "Guess the Number";
			productReference = CCEC1E8E1E33BD2D00AA1D74 /* Guess the Number.app */;
			productType = "com.apple.product-type.application";
		};
		CCEC1EA41E33BD2E00AA1D74 /* Guess the NumberTests */ = {
			isa = PBXNativeTarget;
			buildConfigurationList = CCEC1EBC1E33BD2E00AA1D74 /* Build configuration list for PBXNativeTarget "Guess the NumberTests" */;
			buildPhases = (
				CCEC1EA11E33BD2E00AA1D74 /* Sources */,
				CCEC1EA21E33BD2E00AA1D74 /* Frameworks */,
				CCEC1EA31E33BD2E00AA1D74 /* Resources */,
			);
			buildRules = (
			);
			dependencies = (
				CCEC1EA71E33BD2E00AA1D74 /* PBXTargetDependency */,
			);
			name = "Guess the NumberTests";
			productName = "Guess the NumberTests";
			productReference = CCEC1EA51E33BD2E00AA1D74 /* Guess the NumberTests.xctest */;
			productType = "com.apple.product-type.bundle.unit-test";
		};
		CCEC1EAF1E33BD2E00AA1D74 /* Guess the NumberUITests */ = {
			isa = PBXNativeTarget;
			buildConfigurationList = CCEC1EBF1E33BD2E00AA1D74 /* Build configuration list for PBXNativeTarget "Guess the NumberUITests" */;
			buildPhases = (
				CCEC1EAC1E33BD2E00AA1D74 /* Sources */,
				CCEC1EAD1E33BD2E00AA1D74 /* Frameworks */,
				CCEC1EAE1E33BD2E00AA1D74 /* Resources */,
			);
			buildRules = (
			);
			dependencies = (
				CCEC1EB21E33BD2E00AA1D74 /* PBXTargetDependency */,
			);
			name = "Guess the NumberUITests";
			productName = "Guess the NumberUITests";
			productReference = CCEC1EB01E33BD2E00AA1D74 /* Guess the NumberUITests.xctest */;
			productType = "com.apple.product-type.bundle.ui-testing";
		};
/* End PBXNativeTarget section */

/* Begin PBXProject section */
		CCEC1E861E33BD2C00AA1D74 /* Project object */ = {
			isa = PBXProject;
			attributes = {
				LastSwiftUpdateCheck = 0820;
				LastUpgradeCheck = 0820;
				ORGANIZATIONNAME = AStark;
				TargetAttributes = {
					CCEC1E8D1E33BD2C00AA1D74 = {
						CreatedOnToolsVersion = 8.2.1;
						DevelopmentTeam = 96DDME6C2H;
						ProvisioningStyle = Automatic;
					};
					CCEC1EA41E33BD2E00AA1D74 = {
						CreatedOnToolsVersion = 8.2.1;
						DevelopmentTeam = 96DDME6C2H;
						ProvisioningStyle = Automatic;
						TestTargetID = CCEC1E8D1E33BD2C00AA1D74;
					};
					CCEC1EAF1E33BD2E00AA1D74 = {
						CreatedOnToolsVersion = 8.2.1;
						DevelopmentTeam = 96DDME6C2H;
						ProvisioningStyle = Automatic;
						TestTargetID = CCEC1E8D1E33BD2C00AA1D74;
					};
				};
			};
			buildConfigurationList = CCEC1E891E33BD2C00AA1D74 /* Build configuration list for PBXProject "Guess the Number" */;
			compatibilityVersion = "Xcode 3.2";
			developmentRegion = English;
			hasScannedForEncodings = 0;
			knownRegions = (
				en,
				Base,
			);
			mainGroup = CCEC1E851E33BD2C00AA1D74;
			productRefGroup = CCEC1E8F1E33BD2D00AA1D74 /* Products */;
			projectDirPath = "";
			projectRoot = "";
			targets = (
				CCEC1E8D1E33BD2C00AA1D74 /* Guess the Number */,
				CCEC1EA41E33BD2E00AA1D74 /* Guess the NumberTests */,
				CCEC1EAF1E33BD2E00AA1D74 /* Guess the NumberUITests */,
			);
		};
/* End PBXProject section */

/* Begin PBXResourcesBuildPhase section */
		CCEC1E8C1E33BD2C00AA1D74 /* Resources */ = {
			isa = PBXResourcesBuildPhase;
			buildActionMask = 2147483647;
			files = (
				CCEC1E9F1E33BD2D00AA1D74 /* LaunchScreen.storyboard in Resources */,
				CCEC1E9C1E33BD2D00AA1D74 /* Assets.xcassets in Resources */,
				CCEC1E971E33BD2D00AA1D74 /* Main.storyboard in Resources */,
			);
			runOnlyForDeploymentPostprocessing = 0;
		};
		CCEC1EA31E33BD2E00AA1D74 /* Resources */ = {
			isa = PBXResourcesBuildPhase;
			buildActionMask = 2147483647;
			files = (
			);
			runOnlyForDeploymentPostprocessing = 0;
		};
		CCEC1EAE1E33BD2E00AA1D74 /* Resources */ = {
			isa = PBXResourcesBuildPhase;
			buildActionMask = 2147483647;
			files = (
			);
			runOnlyForDeploymentPostprocessing = 0;
		};
/* End PBXResourcesBuildPhase section */

/* Begin PBXSourcesBuildPhase section */
		CCEC1E8A1E33BD2C00AA1D74 /* Sources */ = {
			isa = PBXSourcesBuildPhase;
			buildActionMask = 2147483647;
			files = (
				CCEC1E941E33BD2D00AA1D74 /* ViewController.swift in Sources */,
				CCEC1E9A1E33BD2D00AA1D74 /* Guess_the_Number.xcdatamodeld in Sources */,
				CCEC1E921E33BD2D00AA1D74 /* AppDelegate.swift in Sources */,
			);
			runOnlyForDeploymentPostprocessing = 0;
		};
		CCEC1EA11E33BD2E00AA1D74 /* Sources */ = {
			isa = PBXSourcesBuildPhase;
			buildActionMask = 2147483647;
			files = (
				CCEC1EAA1E33BD2E00AA1D74 /* Guess_the_NumberTests.swift in Sources */,
			);
			runOnlyForDeploymentPostprocessing = 0;
		};
		CCEC1EAC1E33BD2E00AA1D74 /* Sources */ = {
			isa = PBXSourcesBuildPhase;
			buildActionMask = 2147483647;
			files = (
				CCEC1EB51E33BD2E00AA1D74 /* Guess_the_NumberUITests.swift in Sources */,
			);
			runOnlyForDeploymentPostprocessing = 0;
		};
/* End PBXSourcesBuildPhase section */

/* Begin PBXTargetDependency section */
		CCEC1EA71E33BD2E00AA1D74 /* PBXTargetDependency */ = {
			isa = PBXTargetDependency;
			target = CCEC1E8D1E33BD2C00AA1D74 /* Guess the Number */;
			targetProxy = CCEC1EA61E33BD2E00AA1D74 /* PBXContainerItemProxy */;
		};
		CCEC1EB21E33BD2E00AA1D74 /* PBXTargetDependency */ = {
			isa = PBXTargetDependency;
			target = CCEC1E8D1E33BD2C00AA1D74 /* Guess the Number */;
			targetProxy = CCEC1EB11E33BD2E00AA1D74 /* PBXContainerItemProxy */;
		};
/* End PBXTargetDependency section */

/* Begin PBXVariantGroup section */
		CCEC1E951E33BD2D00AA1D74 /* Main.storyboard */ = {
			isa = PBXVariantGroup;
			children = (
				CCEC1E961E33BD2D00AA1D74 /* Base */,
			);
			name = Main.storyboard;
			sourceTree = "<group>";
		};
		CCEC1E9D1E33BD2D00AA1D74 /* LaunchScreen.storyboard */ = {
			isa = PBXVariantGroup;
			children = (
				CCEC1E9E1E33BD2D00AA1D74 /* Base */,
			);
			name = LaunchScreen.storyboard;
			sourceTree = "<group>";
		};
/* End PBXVariantGroup section */

/* Begin XCBuildConfiguration section */
		CCEC1EB71E33BD2E00AA1D74 /* Debug */ = {
			isa = XCBuildConfiguration;
			buildSettings = {
				ALWAYS_SEARCH_USER_PATHS = NO;
				CLANG_ANALYZER_NONNULL = YES;
				CLANG_CXX_LANGUAGE_STANDARD = "gnu++0x";
				CLANG_CXX_LIBRARY = "libc++";
				CLANG_ENABLE_MODULES = YES;
				CLANG_ENABLE_OBJC_ARC = YES;
				CLANG_WARN_BOOL_CONVERSION = YES;
				CLANG_WARN_CONSTANT_CONVERSION = YES;
				CLANG_WARN_DIRECT_OBJC_ISA_USAGE = YES_ERROR;
				CLANG_WARN_DOCUMENTATION_COMMENTS = YES;
				CLANG_WARN_EMPTY_BODY = YES;
				CLANG_WARN_ENUM_CONVERSION = YES;
				CLANG_WARN_INFINITE_RECURSION = YES;
				CLANG_WARN_INT_CONVERSION = YES;
				CLANG_WARN_OBJC_ROOT_CLASS = YES_ERROR;
				CLANG_WARN_SUSPICIOUS_MOVE = YES;
				CLANG_WARN_UNREACHABLE_CODE = YES;
				CLANG_WARN__DUPLICATE_METHOD_MATCH = YES;
				"CODE_SIGN_IDENTITY[sdk=iphoneos*]" = "iPhone Developer";
				COPY_PHASE_STRIP = NO;
				DEBUG_INFORMATION_FORMAT = dwarf;
				ENABLE_STRICT_OBJC_MSGSEND = YES;
				ENABLE_TESTABILITY = YES;
				GCC_C_LANGUAGE_STANDARD = gnu99;
				GCC_DYNAMIC_NO_PIC = NO;
				GCC_NO_COMMON_BLOCKS = YES;
				GCC_OPTIMIZATION_LEVEL = 0;
				GCC_PREPROCESSOR_DEFINITIONS = (
					"DEBUG=1",
					"$(inherited)",
				);
				GCC_WARN_64_TO_32_BIT_CONVERSION = YES;
				GCC_WARN_ABOUT_RETURN_TYPE = YES_ERROR;
				GCC_WARN_UNDECLARED_SELECTOR = YES;
				GCC_WARN_UNINITIALIZED_AUTOS = YES_AGGRESSIVE;
				GCC_WARN_UNUSED_FUNCTION = YES;
				GCC_WARN_UNUSED_VARIABLE = YES;
				IPHONEOS_DEPLOYMENT_TARGET = 10.2;
				MTL_ENABLE_DEBUG_INFO = YES;
				ONLY_ACTIVE_ARCH = YES;
				SDKROOT = iphoneos;
				SWIFT_ACTIVE_COMPILATION_CONDITIONS = DEBUG;
				SWIFT_OPTIMIZATION_LEVEL = "-Onone";
				TARGETED_DEVICE_FAMILY = "1,2";
			};
			name = Debug;
		};
		CCEC1EB81E33BD2E00AA1D74 /* Release */ = {
			isa = XCBuildConfiguration;
			buildSettings = {
				ALWAYS_SEARCH_USER_PATHS = NO;
				CLANG_ANALYZER_NONNULL = YES;
				CLANG_CXX_LANGUAGE_STANDARD = "gnu++0x";
				CLANG_CXX_LIBRARY = "libc++";
				CLANG_ENABLE_MODULES = YES;
				CLANG_ENABLE_OBJC_ARC = YES;
				CLANG_WARN_BOOL_CONVERSION = YES;
				CLANG_WARN_CONSTANT_CONVERSION = YES;
				CLANG_WARN_DIRECT_OBJC_ISA_USAGE = YES_ERROR;
				CLANG_WARN_DOCUMENTATION_COMMENTS = YES;
				CLANG_WARN_EMPTY_BODY = YES;
				CLANG_WARN_ENUM_CONVERSION = YES;
				CLANG_WARN_INFINITE_RECURSION = YES;
				CLANG_WARN_INT_CONVERSION = YES;
				CLANG_WARN_OBJC_ROOT_CLASS = YES_ERROR;
				CLANG_WARN_SUSPICIOUS_MOVE = YES;
				CLANG_WARN_UNREACHABLE_CODE = YES;
				CLANG_WARN__DUPLICATE_METHOD_MATCH = YES;
				"CODE_SIGN_IDENTITY[sdk=iphoneos*]" = "iPhone Developer";
				COPY_PHASE_STRIP = NO;
				DEBUG_INFORMATION_FORMAT = "dwarf-with-dsym";
				ENABLE_NS_ASSERTIONS = NO;
				ENABLE_STRICT_OBJC_MSGSEND = YES;
				GCC_C_LANGUAGE_STANDARD = gnu99;
				GCC_NO_COMMON_BLOCKS = YES;
				GCC_WARN_64_TO_32_BIT_CONVERSION = YES;
				GCC_WARN_ABOUT_RETURN_TYPE = YES_ERROR;
				GCC_WARN_UNDECLARED_SELECTOR = YES;
				GCC_WARN_UNINITIALIZED_AUTOS = YES_AGGRESSIVE;
				GCC_WARN_UNUSED_FUNCTION = YES;
				GCC_WARN_UNUSED_VARIABLE = YES;
				IPHONEOS_DEPLOYMENT_TARGET = 10.2;
				MTL_ENABLE_DEBUG_INFO = NO;
				SDKROOT = iphoneos;
				SWIFT_OPTIMIZATION_LEVEL = "-Owholemodule";
				TARGETED_DEVICE_FAMILY = "1,2";
				VALIDATE_PRODUCT = YES;
			};
			name = Release;
		};
		CCEC1EBA1E33BD2E00AA1D74 /* Debug */ = {
			isa = XCBuildConfiguration;
			buildSettings = {
				ASSETCATALOG_COMPILER_APPICON_NAME = AppIcon;
				DEVELOPMENT_TEAM = 96DDME6C2H;
				INFOPLIST_FILE = "Guess the Number/Info.plist";
				LD_RUNPATH_SEARCH_PATHS = "$(inherited) @executable_path/Frameworks";
				PRODUCT_BUNDLE_IDENTIFIER = "AStark.Guess-the-Number";
				PRODUCT_NAME = "$(TARGET_NAME)";
				SWIFT_VERSION = 3.0;
			};
			name = Debug;
		};
		CCEC1EBB1E33BD2E00AA1D74 /* Release */ = {
			isa = XCBuildConfiguration;
			buildSettings = {
				ASSETCATALOG_COMPILER_APPICON_NAME = AppIcon;
				DEVELOPMENT_TEAM = 96DDME6C2H;
				INFOPLIST_FILE = "Guess the Number/Info.plist";
				LD_RUNPATH_SEARCH_PATHS = "$(inherited) @executable_path/Frameworks";
				PRODUCT_BUNDLE_IDENTIFIER = "AStark.Guess-the-Number";
				PRODUCT_NAME = "$(TARGET_NAME)";
				SWIFT_VERSION = 3.0;
			};
			name = Release;
		};
		CCEC1EBD1E33BD2E00AA1D74 /* Debug */ = {
			isa = XCBuildConfiguration;
			buildSettings = {
				ALWAYS_EMBED_SWIFT_STANDARD_LIBRARIES = YES;
				BUNDLE_LOADER = "$(TEST_HOST)";
				DEVELOPMENT_TEAM = 96DDME6C2H;
				INFOPLIST_FILE = "Guess the NumberTests/Info.plist";
				LD_RUNPATH_SEARCH_PATHS = "$(inherited) @executable_path/Frameworks @loader_path/Frameworks";
				PRODUCT_BUNDLE_IDENTIFIER = "AStark.Guess-the-NumberTests";
				PRODUCT_NAME = "$(TARGET_NAME)";
				SWIFT_VERSION = 3.0;
				TEST_HOST = "$(BUILT_PRODUCTS_DIR)/Guess the Number.app/Guess the Number";
			};
			name = Debug;
		};
		CCEC1EBE1E33BD2E00AA1D74 /* Release */ = {
			isa = XCBuildConfiguration;
			buildSettings = {
				ALWAYS_EMBED_SWIFT_STANDARD_LIBRARIES = YES;
				BUNDLE_LOADER = "$(TEST_HOST)";
				DEVELOPMENT_TEAM = 96DDME6C2H;
				INFOPLIST_FILE = "Guess the NumberTests/Info.plist";
				LD_RUNPATH_SEARCH_PATHS = "$(inherited) @executable_path/Frameworks @loader_path/Frameworks";
				PRODUCT_BUNDLE_IDENTIFIER = "AStark.Guess-the-NumberTests";
				PRODUCT_NAME = "$(TARGET_NAME)";
				SWIFT_VERSION = 3.0;
				TEST_HOST = "$(BUILT_PRODUCTS_DIR)/Guess the Number.app/Guess the Number";
			};
			name = Release;
		};
		CCEC1EC01E33BD2E00AA1D74 /* Debug */ = {
			isa = XCBuildConfiguration;
			buildSettings = {
				ALWAYS_EMBED_SWIFT_STANDARD_LIBRARIES = YES;
				DEVELOPMENT_TEAM = 96DDME6C2H;
				INFOPLIST_FILE = "Guess the NumberUITests/Info.plist";
				LD_RUNPATH_SEARCH_PATHS = "$(inherited) @executable_path/Frameworks @loader_path/Frameworks";
				PRODUCT_BUNDLE_IDENTIFIER = "AStark.Guess-the-NumberUITests";
				PRODUCT_NAME = "$(TARGET_NAME)";
				SWIFT_VERSION = 3.0;
				TEST_TARGET_NAME = "Guess the Number";
			};
			name = Debug;
		};
		CCEC1EC11E33BD2E00AA1D74 /* Release */ = {
			isa = XCBuildConfiguration;
			buildSettings = {
				ALWAYS_EMBED_SWIFT_STANDARD_LIBRARIES = YES;
				DEVELOPMENT_TEAM = 96DDME6C2H;
				INFOPLIST_FILE = "Guess the NumberUITests/Info.plist";
				LD_RUNPATH_SEARCH_PATHS = "$(inherited) @executable_path/Frameworks @loader_path/Frameworks";
				PRODUCT_BUNDLE_IDENTIFIER = "AStark.Guess-the-NumberUITests";
				PRODUCT_NAME = "$(TARGET_NAME)";
				SWIFT_VERSION = 3.0;
				TEST_TARGET_NAME = "Guess the Number";
			};
			name = Release;
		};
/* End XCBuildConfiguration section */

/* Begin XCConfigurationList section */
		CCEC1E891E33BD2C00AA1D74 /* Build configuration list for PBXProject "Guess the Number" */ = {
			isa = XCConfigurationList;
			buildConfigurations = (
				CCEC1EB71E33BD2E00AA1D74 /* Debug */,
				CCEC1EB81E33BD2E00AA1D74 /* Release */,
			);
			defaultConfigurationIsVisible = 0;
			defaultConfigurationName = Release;
		};
		CCEC1EB91E33BD2E00AA1D74 /* Build configuration list for PBXNativeTarget "Guess the Number" */ = {
			isa = XCConfigurationList;
			buildConfigurations = (
				CCEC1EBA1E33BD2E00AA1D74 /* Debug */,
				CCEC1EBB1E33BD2E00AA1D74 /* Release */,
			);
			defaultConfigurationIsVisible = 0;
		};
		CCEC1EBC1E33BD2E00AA1D74 /* Build configuration list for PBXNativeTarget "Guess the NumberTests" */ = {
			isa = XCConfigurationList;
			buildConfigurations = (
				CCEC1EBD1E33BD2E00AA1D74 /* Debug */,
				CCEC1EBE1E33BD2E00AA1D74 /* Release */,
			);
			defaultConfigurationIsVisible = 0;
		};
		CCEC1EBF1E33BD2E00AA1D74 /* Build configuration list for PBXNativeTarget "Guess the NumberUITests" */ = {
			isa = XCConfigurationList;
			buildConfigurations = (
				CCEC1EC01E33BD2E00AA1D74 /* Debug */,
				CCEC1EC11E33BD2E00AA1D74 /* Release */,
			);
			defaultConfigurationIsVisible = 0;
		};
/* End XCConfigurationList section */

/* Begin XCVersionGroup section */
		CCEC1E981E33BD2D00AA1D74 /* Guess_the_Number.xcdatamodeld */ = {
			isa = XCVersionGroup;
			children = (
				CCEC1E991E33BD2D00AA1D74 /* Guess_the_Number.xcdatamodel */,
			);
			currentVersion = CCEC1E991E33BD2D00AA1D74 /* Guess_the_Number.xcdatamodel */;
			path = Guess_the_Number.xcdatamodeld;
			sourceTree = "<group>";
			versionGroupType = wrapper.xcdatamodel;
		};
/* End XCVersionGroup section */
	};
	rootObject = CCEC1E861E33BD2C00AA1D74 /* Project object */;
}
